
Microsoft Visual Studio Solution File, Format Version 12.00
# Visual Studio Version 17
VisualStudioVersion = 17.14.36203.30 d17.14
MinimumVisualStudioVersion = 10.0.40219.1
Project("{8BC9CEB8-8B4A-11D0-8D11-00A0C91BC942}") = "002filehenerate", "002filehenerate\002filehenerate.vcxproj", "{8631999B-D4C6-4FC0-80D7-342F34B68F5F}"
EndProject
Global
	GlobalSection(SolutionConfigurationPlatforms) = preSolution
		Debug|x64 = Debug|x64
		Debug|x86 = Debug|x86
		Release|x64 = Release|x64
		Release|x86 = Release|x86
	EndGlobalSection
	GlobalSection(ProjectConfigurationPlatforms) = postSolution
		{8631999B-D4C6-4FC0-80D7-342F34B68F5F}.Debug|x64.ActiveCfg = Debug|x64
		{8631999B-D4C6-4FC0-80D7-342F34B68F5F}.Debug|x64.Build.0 = Debug|x64
		{8631999B-D4C6-4FC0-80D7-342F34B68F5F}.Debug|x86.ActiveCfg = Debug|Win32
		{8631999B-D4C6-4FC0-80D7-342F34B68F5F}.Debug|x86.Build.0 = Debug|Win32
		{8631999B-D4C6-4FC0-80D7-342F34B68F5F}.Release|x64.ActiveCfg = Release|x64
		{8631999B-D4C6-4FC0-80D7-342F34B68F5F}.Release|x64.Build.0 = Release|x64
		{8631999B-D4C6-4FC0-80D7-342F34B68F5F}.Release|x86.ActiveCfg = Release|Win32
		{8631999B-D4C6-4FC0-80D7-342F34B68F5F}.Release|x86.Build.0 = Release|Win32
	EndGlobalSection
	GlobalSection(SolutionProperties) = preSolution
		HideSolutionNode = FALSE
	EndGlobalSection
	GlobalSection(ExtensibilityGlobals) = postSolution
		SolutionGuid = {DB708590-D41B-48B5-A6F4-F673C3A78D38}
	EndGlobalSection
EndGlobal
